
Microsoft Visual Studio Solution File, Format Version 12.00
# Visual Studio Version 17
VisualStudioVersion = 17.14.36623.8 d17.14
MinimumVisualStudioVersion = 10.0.40219.1
Project("{FAE04EC0-301F-11D3-BF4B-00C04F79EFBC}") = "DetlaLauncher", "DetlaLauncher\DetlaLauncher.csproj", "{55E8BDF1-9EBD-4B90-9D1D-20359D24DC62}"
EndProject
Global
	GlobalSection(SolutionConfigurationPlatforms) = preSolution
		Debug|Any CPU = Debug|Any CPU
		Release|Any CPU = Release|Any CPU
	EndGlobalSection
	GlobalSection(ProjectConfigurationPlatforms) = postSolution
		{55E8BDF1-9EBD-4B90-9D1D-20359D24DC62}.Debug|Any CPU.ActiveCfg = Debug|Any CPU
		{55E8BDF1-9EBD-4B90-9D1D-20359D24DC62}.Debug|Any CPU.Build.0 = Debug|Any CPU
		{55E8BDF1-9EBD-4B90-9D1D-20359D24DC62}.Release|Any CPU.ActiveCfg = Release|Any CPU
		{55E8BDF1-9EBD-4B90-9D1D-20359D24DC62}.Release|Any CPU.Build.0 = Release|Any CPU
	EndGlobalSection
	GlobalSection(SolutionProperties) = preSolution
		HideSolutionNode = FALSE
	EndGlobalSection
	GlobalSection(ExtensibilityGlobals) = postSolution
		SolutionGuid = {116FC06D-3100-4F00-AA2C-0B9BF464146F}
	EndGlobalSection
EndGlobal
